// !$*UTF8*$!
{
	archiveVersion = 1;
	classes = {
	};
	objectVersion = 46;
	objects = {

/* Begin PBXBuildFile section */
		1F4B1CA6CC55E76E2B531281 /* Pods_deKKoUITests.framework in Frameworks */ = {isa = PBXBuildFile; fileRef = 99E38CAC1470FAA7AF471F9F /* Pods_deKKoUITests.framework */; };
		8E03AB5B1E82E03800711F46 /* GoogleService-Info.plist in Resources */ = {isa = PBXBuildFile; fileRef = 8E03AB5A1E82E03800711F46 /* GoogleService-Info.plist */; };
		8E03AB5C1E82E03800711F46 /* GoogleService-Info.plist in Resources */ = {isa = PBXBuildFile; fileRef = 8E03AB5A1E82E03800711F46 /* GoogleService-Info.plist */; };
		8E03AB5D1E82E03800711F46 /* GoogleService-Info.plist in Resources */ = {isa = PBXBuildFile; fileRef = 8E03AB5A1E82E03800711F46 /* GoogleService-Info.plist */; };
		8E49D23C1E8E023A00DB960B /* Utils.swift in Sources */ = {isa = PBXBuildFile; fileRef = 8E49D23B1E8E023A00DB960B /* Utils.swift */; };
		99261E826AA0CCFBFE2E9300 /* Pods_deKKoTests.framework in Frameworks */ = {isa = PBXBuildFile; fileRef = 4E545AFD84920D157D6CAE0D /* Pods_deKKoTests.framework */; };
		A6F6C1DC05D1AFAFDE733C36 /* Pods_deKKo.framework in Frameworks */ = {isa = PBXBuildFile; fileRef = 660E31CF1B134C33E98982EC /* Pods_deKKo.framework */; };
		EB498EBA1E839EEB005E0836 /* CameraViewController.swift in Sources */ = {isa = PBXBuildFile; fileRef = EB498EB91E839EEB005E0836 /* CameraViewController.swift */; };
		EB6487521E81E08300BD4252 /* AppDelegate.swift in Sources */ = {isa = PBXBuildFile; fileRef = EB6487511E81E08300BD4252 /* AppDelegate.swift */; };
		EB6487571E81E08300BD4252 /* Main.storyboard in Resources */ = {isa = PBXBuildFile; fileRef = EB6487551E81E08300BD4252 /* Main.storyboard */; };
		EB6487591E81E08300BD4252 /* Assets.xcassets in Resources */ = {isa = PBXBuildFile; fileRef = EB6487581E81E08300BD4252 /* Assets.xcassets */; };
		EB64875C1E81E08300BD4252 /* LaunchScreen.storyboard in Resources */ = {isa = PBXBuildFile; fileRef = EB64875A1E81E08300BD4252 /* LaunchScreen.storyboard */; };
		EB6487671E81E08300BD4252 /* deKKoTests.swift in Sources */ = {isa = PBXBuildFile; fileRef = EB6487661E81E08300BD4252 /* deKKoTests.swift */; };
		EB6487721E81E08300BD4252 /* deKKoUITests.swift in Sources */ = {isa = PBXBuildFile; fileRef = EB6487711E81E08300BD4252 /* deKKoUITests.swift */; };
		EB73DCF71E82E2370092E287 /* mainView.storyboard in Resources */ = {isa = PBXBuildFile; fileRef = EB73DCF61E82E2370092E287 /* mainView.storyboard */; };
		EBCB85591E9034730086B1CD /* CreateUserViewController.swift in Sources */ = {isa = PBXBuildFile; fileRef = EBCB85581E9034730086B1CD /* CreateUserViewController.swift */; };
		EBF52A2F1E81F748002438A2 /* LoginViewController.swift in Sources */ = {isa = PBXBuildFile; fileRef = EBF52A2D1E81F748002438A2 /* LoginViewController.swift */; };
		EBF52A301E81F748002438A2 /* PageViewController.swift in Sources */ = {isa = PBXBuildFile; fileRef = EBF52A2E1E81F748002438A2 /* PageViewController.swift */; };
/* End PBXBuildFile section */

/* Begin PBXContainerItemProxy section */
		EB6487631E81E08300BD4252 /* PBXContainerItemProxy */ = {
			isa = PBXContainerItemProxy;
			containerPortal = EB6487461E81E08300BD4252 /* Project object */;
			proxyType = 1;
			remoteGlobalIDString = EB64874D1E81E08300BD4252;
			remoteInfo = deKKo;
		};
		EB64876E1E81E08300BD4252 /* PBXContainerItemProxy */ = {
			isa = PBXContainerItemProxy;
			containerPortal = EB6487461E81E08300BD4252 /* Project object */;
			proxyType = 1;
			remoteGlobalIDString = EB64874D1E81E08300BD4252;
			remoteInfo = deKKo;
		};
/* End PBXContainerItemProxy section */

/* Begin PBXFileReference section */
		0212C20352D0FAE7D2C3E566 /* Pods-deKKo.debug.xcconfig */ = {isa = PBXFileReference; includeInIndex = 1; lastKnownFileType = text.xcconfig; name = "Pods-deKKo.debug.xcconfig"; path = "Pods/Target Support Files/Pods-deKKo/Pods-deKKo.debug.xcconfig"; sourceTree = "<group>"; };
		083911E54CF8E5D19EC45EFF /* Pods-deKKoTests.release.xcconfig */ = {isa = PBXFileReference; includeInIndex = 1; lastKnownFileType = text.xcconfig; name = "Pods-deKKoTests.release.xcconfig"; path = "Pods/Target Support Files/Pods-deKKoTests/Pods-deKKoTests.release.xcconfig"; sourceTree = "<group>"; };
		3215F165393B88ED2BA90A79 /* Pods-deKKoUITests.debug.xcconfig */ = {isa = PBXFileReference; includeInIndex = 1; lastKnownFileType = text.xcconfig; name = "Pods-deKKoUITests.debug.xcconfig"; path = "Pods/Target Support Files/Pods-deKKoUITests/Pods-deKKoUITests.debug.xcconfig"; sourceTree = "<group>"; };
		3AF277B52F94C47D9B413366 /* Pods-deKKoUITests.release.xcconfig */ = {isa = PBXFileReference; includeInIndex = 1; lastKnownFileType = text.xcconfig; name = "Pods-deKKoUITests.release.xcconfig"; path = "Pods/Target Support Files/Pods-deKKoUITests/Pods-deKKoUITests.release.xcconfig"; sourceTree = "<group>"; };
		4E545AFD84920D157D6CAE0D /* Pods_deKKoTests.framework */ = {isa = PBXFileReference; explicitFileType = wrapper.framework; includeInIndex = 0; path = Pods_deKKoTests.framework; sourceTree = BUILT_PRODUCTS_DIR; };
		660E31CF1B134C33E98982EC /* Pods_deKKo.framework */ = {isa = PBXFileReference; explicitFileType = wrapper.framework; includeInIndex = 0; path = Pods_deKKo.framework; sourceTree = BUILT_PRODUCTS_DIR; };
		8E03AB5A1E82E03800711F46 /* GoogleService-Info.plist */ = {isa = PBXFileReference; fileEncoding = 4; lastKnownFileType = text.plist.xml; path = "GoogleService-Info.plist"; sourceTree = "<group>"; };
		8E49D23B1E8E023A00DB960B /* Utils.swift */ = {isa = PBXFileReference; fileEncoding = 4; lastKnownFileType = sourcecode.swift; path = Utils.swift; sourceTree = "<group>"; };
		99E38CAC1470FAA7AF471F9F /* Pods_deKKoUITests.framework */ = {isa = PBXFileReference; explicitFileType = wrapper.framework; includeInIndex = 0; path = Pods_deKKoUITests.framework; sourceTree = BUILT_PRODUCTS_DIR; };
		C23F5BD342AA411C51EC846A /* Pods-deKKo.release.xcconfig */ = {isa = PBXFileReference; includeInIndex = 1; lastKnownFileType = text.xcconfig; name = "Pods-deKKo.release.xcconfig"; path = "Pods/Target Support Files/Pods-deKKo/Pods-deKKo.release.xcconfig"; sourceTree = "<group>"; };
		E2B61EA3A5F638ACB5C556EE /* Pods-deKKoTests.debug.xcconfig */ = {isa = PBXFileReference; includeInIndex = 1; lastKnownFileType = text.xcconfig; name = "Pods-deKKoTests.debug.xcconfig"; path = "Pods/Target Support Files/Pods-deKKoTests/Pods-deKKoTests.debug.xcconfig"; sourceTree = "<group>"; };
		EB1C65531E920308003F5A8E /* GoogleToolboxForMac.framework */ = {isa = PBXFileReference; lastKnownFileType = wrapper.framework; name = GoogleToolboxForMac.framework; path = "../../../Library/Developer/Xcode/DerivedData/deKKo-eyfkyiuuszuwxlbpuyzeuzjqdkgq/Build/Products/Debug-iphoneos/GoogleToolboxForMac/GoogleToolboxForMac.framework"; sourceTree = "<group>"; };
		EB498EB91E839EEB005E0836 /* CameraViewController.swift */ = {isa = PBXFileReference; fileEncoding = 4; lastKnownFileType = sourcecode.swift; path = CameraViewController.swift; sourceTree = "<group>"; };
		EB64874E1E81E08300BD4252 /* deKKo.app */ = {isa = PBXFileReference; explicitFileType = wrapper.application; includeInIndex = 0; path = deKKo.app; sourceTree = BUILT_PRODUCTS_DIR; };
		EB6487511E81E08300BD4252 /* AppDelegate.swift */ = {isa = PBXFileReference; lastKnownFileType = sourcecode.swift; path = AppDelegate.swift; sourceTree = "<group>"; };
		EB6487561E81E08300BD4252 /* Base */ = {isa = PBXFileReference; lastKnownFileType = file.storyboard; name = Base; path = Base.lproj/Main.storyboard; sourceTree = "<group>"; };
		EB6487581E81E08300BD4252 /* Assets.xcassets */ = {isa = PBXFileReference; lastKnownFileType = folder.assetcatalog; path = Assets.xcassets; sourceTree = "<group>"; };
		EB64875B1E81E08300BD4252 /* Base */ = {isa = PBXFileReference; lastKnownFileType = file.storyboard; name = Base; path = Base.lproj/LaunchScreen.storyboard; sourceTree = "<group>"; };
		EB64875D1E81E08300BD4252 /* Info.plist */ = {isa = PBXFileReference; lastKnownFileType = text.plist.xml; path = Info.plist; sourceTree = "<group>"; };
		EB6487621E81E08300BD4252 /* deKKoTests.xctest */ = {isa = PBXFileReference; explicitFileType = wrapper.cfbundle; includeInIndex = 0; path = deKKoTests.xctest; sourceTree = BUILT_PRODUCTS_DIR; };
		EB6487661E81E08300BD4252 /* deKKoTests.swift */ = {isa = PBXFileReference; lastKnownFileType = sourcecode.swift; path = deKKoTests.swift; sourceTree = "<group>"; };
		EB6487681E81E08300BD4252 /* Info.plist */ = {isa = PBXFileReference; lastKnownFileType = text.plist.xml; path = Info.plist; sourceTree = "<group>"; };
		EB64876D1E81E08300BD4252 /* deKKoUITests.xctest */ = {isa = PBXFileReference; explicitFileType = wrapper.cfbundle; includeInIndex = 0; path = deKKoUITests.xctest; sourceTree = BUILT_PRODUCTS_DIR; };
		EB6487711E81E08300BD4252 /* deKKoUITests.swift */ = {isa = PBXFileReference; lastKnownFileType = sourcecode.swift; path = deKKoUITests.swift; sourceTree = "<group>"; };
		EB6487731E81E08300BD4252 /* Info.plist */ = {isa = PBXFileReference; lastKnownFileType = text.plist.xml; path = Info.plist; sourceTree = "<group>"; };
		EB73DCF61E82E2370092E287 /* mainView.storyboard */ = {isa = PBXFileReference; fileEncoding = 4; lastKnownFileType = file.storyboard; path = mainView.storyboard; sourceTree = "<group>"; };
		EBCB85581E9034730086B1CD /* CreateUserViewController.swift */ = {isa = PBXFileReference; fileEncoding = 4; lastKnownFileType = sourcecode.swift; path = CreateUserViewController.swift; sourceTree = "<group>"; };
		EBF52A2D1E81F748002438A2 /* LoginViewController.swift */ = {isa = PBXFileReference; fileEncoding = 4; lastKnownFileType = sourcecode.swift; path = LoginViewController.swift; sourceTree = "<group>"; };
		EBF52A2E1E81F748002438A2 /* PageViewController.swift */ = {isa = PBXFileReference; fileEncoding = 4; lastKnownFileType = sourcecode.swift; path = PageViewController.swift; sourceTree = "<group>"; };
/* End PBXFileReference section */

/* Begin PBXFrameworksBuildPhase section */
		EB64874B1E81E08300BD4252 /* Frameworks */ = {
			isa = PBXFrameworksBuildPhase;
			buildActionMask = 2147483647;
			files = (
				A6F6C1DC05D1AFAFDE733C36 /* Pods_deKKo.framework in Frameworks */,
			);
			runOnlyForDeploymentPostprocessing = 0;
		};
		EB64875F1E81E08300BD4252 /* Frameworks */ = {
			isa = PBXFrameworksBuildPhase;
			buildActionMask = 2147483647;
			files = (
				99261E826AA0CCFBFE2E9300 /* Pods_deKKoTests.framework in Frameworks */,
			);
			runOnlyForDeploymentPostprocessing = 0;
		};
		EB64876A1E81E08300BD4252 /* Frameworks */ = {
			isa = PBXFrameworksBuildPhase;
			buildActionMask = 2147483647;
			files = (
				1F4B1CA6CC55E76E2B531281 /* Pods_deKKoUITests.framework in Frameworks */,
			);
			runOnlyForDeploymentPostprocessing = 0;
		};
/* End PBXFrameworksBuildPhase section */

/* Begin PBXGroup section */
		205C87F67BAF1B6CC64EE74E /* Frameworks */ = {
			isa = PBXGroup;
			children = (
				EB1C65531E920308003F5A8E /* GoogleToolboxForMac.framework */,
				660E31CF1B134C33E98982EC /* Pods_deKKo.framework */,
				4E545AFD84920D157D6CAE0D /* Pods_deKKoTests.framework */,
				99E38CAC1470FAA7AF471F9F /* Pods_deKKoUITests.framework */,
			);
			name = Frameworks;
			sourceTree = "<group>";
		};
		EB31A239C8D5F0264EDCAD0A /* Pods */ = {
			isa = PBXGroup;
			children = (
				0212C20352D0FAE7D2C3E566 /* Pods-deKKo.debug.xcconfig */,
				C23F5BD342AA411C51EC846A /* Pods-deKKo.release.xcconfig */,
				E2B61EA3A5F638ACB5C556EE /* Pods-deKKoTests.debug.xcconfig */,
				083911E54CF8E5D19EC45EFF /* Pods-deKKoTests.release.xcconfig */,
				3215F165393B88ED2BA90A79 /* Pods-deKKoUITests.debug.xcconfig */,
				3AF277B52F94C47D9B413366 /* Pods-deKKoUITests.release.xcconfig */,
			);
			name = Pods;
			sourceTree = "<group>";
		};
		EB498EB81E839EA5005E0836 /* Pages */ = {
			isa = PBXGroup;
			children = (
				EBF52A2E1E81F748002438A2 /* PageViewController.swift */,
				EB498EB91E839EEB005E0836 /* CameraViewController.swift */,
				8E49D23B1E8E023A00DB960B /* Utils.swift */,
			);
			name = Pages;
			sourceTree = "<group>";
		};
		EB6487451E81E08300BD4252 = {
			isa = PBXGroup;
			children = (
				8E03AB5A1E82E03800711F46 /* GoogleService-Info.plist */,
				EB6487501E81E08300BD4252 /* deKKo */,
				EB6487651E81E08300BD4252 /* deKKoTests */,
				EB6487701E81E08300BD4252 /* deKKoUITests */,
				EB64874F1E81E08300BD4252 /* Products */,
				EB31A239C8D5F0264EDCAD0A /* Pods */,
				205C87F67BAF1B6CC64EE74E /* Frameworks */,
			);
			sourceTree = "<group>";
		};
		EB64874F1E81E08300BD4252 /* Products */ = {
			isa = PBXGroup;
			children = (
				EB64874E1E81E08300BD4252 /* deKKo.app */,
				EB6487621E81E08300BD4252 /* deKKoTests.xctest */,
				EB64876D1E81E08300BD4252 /* deKKoUITests.xctest */,
			);
			name = Products;
			sourceTree = "<group>";
		};
		EB6487501E81E08300BD4252 /* deKKo */ = {
			isa = PBXGroup;
			children = (
				EBF52A2C1E81F736002438A2 /* ViewControllers */,
				EB498EB81E839EA5005E0836 /* Pages */,
				EB6487511E81E08300BD4252 /* AppDelegate.swift */,
				EB6487551E81E08300BD4252 /* Main.storyboard */,
				EB73DCF61E82E2370092E287 /* mainView.storyboard */,
				EB6487581E81E08300BD4252 /* Assets.xcassets */,
				EB64875A1E81E08300BD4252 /* LaunchScreen.storyboard */,
				EB64875D1E81E08300BD4252 /* Info.plist */,
			);
			path = deKKo;
			sourceTree = "<group>";
		};
		EB6487651E81E08300BD4252 /* deKKoTests */ = {
			isa = PBXGroup;
			children = (
				EB6487661E81E08300BD4252 /* deKKoTests.swift */,
				EB6487681E81E08300BD4252 /* Info.plist */,
			);
			path = deKKoTests;
			sourceTree = "<group>";
		};
		EB6487701E81E08300BD4252 /* deKKoUITests */ = {
			isa = PBXGroup;
			children = (
				EB6487711E81E08300BD4252 /* deKKoUITests.swift */,
				EB6487731E81E08300BD4252 /* Info.plist */,
			);
			path = deKKoUITests;
			sourceTree = "<group>";
		};
		EBF52A2C1E81F736002438A2 /* ViewControllers */ = {
			isa = PBXGroup;
			children = (
				EBF52A2D1E81F748002438A2 /* LoginViewController.swift */,
				EBCB85581E9034730086B1CD /* CreateUserViewController.swift */,
			);
			name = ViewControllers;
			sourceTree = "<group>";
		};
/* End PBXGroup section */

/* Begin PBXNativeTarget section */
		EB64874D1E81E08300BD4252 /* deKKo */ = {
			isa = PBXNativeTarget;
			buildConfigurationList = EB6487761E81E08300BD4252 /* Build configuration list for PBXNativeTarget "deKKo" */;
			buildPhases = (
				B1BBF07698C1AC5C147D86D6 /* [CP] Check Pods Manifest.lock */,
				EB64874A1E81E08300BD4252 /* Sources */,
				EB64874B1E81E08300BD4252 /* Frameworks */,
				EB64874C1E81E08300BD4252 /* Resources */,
				BB38395725D7AAEE3BFF23C3 /* [CP] Embed Pods Frameworks */,
				81AE54EB011F70D2B3233036 /* [CP] Copy Pods Resources */,
			);
			buildRules = (
			);
			dependencies = (
			);
			name = deKKo;
			productName = deKKo;
			productReference = EB64874E1E81E08300BD4252 /* deKKo.app */;
			productType = "com.apple.product-type.application";
		};
		EB6487611E81E08300BD4252 /* deKKoTests */ = {
			isa = PBXNativeTarget;
			buildConfigurationList = EB6487791E81E08300BD4252 /* Build configuration list for PBXNativeTarget "deKKoTests" */;
			buildPhases = (
				8312461BC6259275AEAD71ED /* [CP] Check Pods Manifest.lock */,
				EB64875E1E81E08300BD4252 /* Sources */,
				EB64875F1E81E08300BD4252 /* Frameworks */,
				EB6487601E81E08300BD4252 /* Resources */,
				DB7D7EB60FA6C02F169C2F6B /* [CP] Embed Pods Frameworks */,
				3B10765C1C4767DC7D3DA09F /* [CP] Copy Pods Resources */,
			);
			buildRules = (
			);
			dependencies = (
				EB6487641E81E08300BD4252 /* PBXTargetDependency */,
			);
			name = deKKoTests;
			productName = deKKoTests;
			productReference = EB6487621E81E08300BD4252 /* deKKoTests.xctest */;
			productType = "com.apple.product-type.bundle.unit-test";
		};
		EB64876C1E81E08300BD4252 /* deKKoUITests */ = {
			isa = PBXNativeTarget;
			buildConfigurationList = EB64877C1E81E08300BD4252 /* Build configuration list for PBXNativeTarget "deKKoUITests" */;
			buildPhases = (
				E4544F604857234F014D7EA0 /* [CP] Check Pods Manifest.lock */,
				EB6487691E81E08300BD4252 /* Sources */,
				EB64876A1E81E08300BD4252 /* Frameworks */,
				EB64876B1E81E08300BD4252 /* Resources */,
				1AE6587037CC2E12F44C485B /* [CP] Embed Pods Frameworks */,
				4BF65CBEC5048C1B16180156 /* [CP] Copy Pods Resources */,
			);
			buildRules = (
			);
			dependencies = (
				EB64876F1E81E08300BD4252 /* PBXTargetDependency */,
			);
			name = deKKoUITests;
			productName = deKKoUITests;
			productReference = EB64876D1E81E08300BD4252 /* deKKoUITests.xctest */;
			productType = "com.apple.product-type.bundle.ui-testing";
		};
/* End PBXNativeTarget section */

/* Begin PBXProject section */
		EB6487461E81E08300BD4252 /* Project object */ = {
			isa = PBXProject;
			attributes = {
				LastSwiftUpdateCheck = 0820;
				LastUpgradeCheck = 0820;
				ORGANIZATIONNAME = ArcCotagent;
				TargetAttributes = {
					EB64874D1E81E08300BD4252 = {
						CreatedOnToolsVersion = 8.2.1;
						DevelopmentTeam = QANYNE4FM7;
						ProvisioningStyle = Automatic;
					};
					EB6487611E81E08300BD4252 = {
						CreatedOnToolsVersion = 8.2.1;
						ProvisioningStyle = Automatic;
						TestTargetID = EB64874D1E81E08300BD4252;
					};
					EB64876C1E81E08300BD4252 = {
						CreatedOnToolsVersion = 8.2.1;
						ProvisioningStyle = Automatic;
						TestTargetID = EB64874D1E81E08300BD4252;
					};
				};
			};
			buildConfigurationList = EB6487491E81E08300BD4252 /* Build configuration list for PBXProject "deKKo" */;
			compatibilityVersion = "Xcode 3.2";
			developmentRegion = English;
			hasScannedForEncodings = 0;
			knownRegions = (
				en,
				Base,
			);
			mainGroup = EB6487451E81E08300BD4252;
			productRefGroup = EB64874F1E81E08300BD4252 /* Products */;
			projectDirPath = "";
			projectRoot = "";
			targets = (
				EB64874D1E81E08300BD4252 /* deKKo */,
				EB6487611E81E08300BD4252 /* deKKoTests */,
				EB64876C1E81E08300BD4252 /* deKKoUITests */,
			);
		};
/* End PBXProject section */

/* Begin PBXResourcesBuildPhase section */
		EB64874C1E81E08300BD4252 /* Resources */ = {
			isa = PBXResourcesBuildPhase;
			buildActionMask = 2147483647;
			files = (
				EB64875C1E81E08300BD4252 /* LaunchScreen.storyboard in Resources */,
				EB6487591E81E08300BD4252 /* Assets.xcassets in Resources */,
				EB73DCF71E82E2370092E287 /* mainView.storyboard in Resources */,
				EB6487571E81E08300BD4252 /* Main.storyboard in Resources */,
				8E03AB5B1E82E03800711F46 /* GoogleService-Info.plist in Resources */,
			);
			runOnlyForDeploymentPostprocessing = 0;
		};
		EB6487601E81E08300BD4252 /* Resources */ = {
			isa = PBXResourcesBuildPhase;
			buildActionMask = 2147483647;
			files = (
				8E03AB5C1E82E03800711F46 /* GoogleService-Info.plist in Resources */,
			);
			runOnlyForDeploymentPostprocessing = 0;
		};
		EB64876B1E81E08300BD4252 /* Resources */ = {
			isa = PBXResourcesBuildPhase;
			buildActionMask = 2147483647;
			files = (
				8E03AB5D1E82E03800711F46 /* GoogleService-Info.plist in Resources */,
			);
			runOnlyForDeploymentPostprocessing = 0;
		};
/* End PBXResourcesBuildPhase section */

/* Begin PBXShellScriptBuildPhase section */
		1AE6587037CC2E12F44C485B /* [CP] Embed Pods Frameworks */ = {
			isa = PBXShellScriptBuildPhase;
			buildActionMask = 2147483647;
			files = (
			);
			inputPaths = (
			);
			name = "[CP] Embed Pods Frameworks";
			outputPaths = (
			);
			runOnlyForDeploymentPostprocessing = 0;
			shellPath = /bin/sh;
			shellScript = "\"${SRCROOT}/Pods/Target Support Files/Pods-deKKoUITests/Pods-deKKoUITests-frameworks.sh\"\n";
			showEnvVarsInLog = 0;
		};
		3B10765C1C4767DC7D3DA09F /* [CP] Copy Pods Resources */ = {
			isa = PBXShellScriptBuildPhase;
			buildActionMask = 2147483647;
			files = (
			);
			inputPaths = (
			);
			name = "[CP] Copy Pods Resources";
			outputPaths = (
			);
			runOnlyForDeploymentPostprocessing = 0;
			shellPath = /bin/sh;
			shellScript = "\"${SRCROOT}/Pods/Target Support Files/Pods-deKKoTests/Pods-deKKoTests-resources.sh\"\n";
			showEnvVarsInLog = 0;
		};
		4BF65CBEC5048C1B16180156 /* [CP] Copy Pods Resources */ = {
			isa = PBXShellScriptBuildPhase;
			buildActionMask = 2147483647;
			files = (
			);
			inputPaths = (
			);
			name = "[CP] Copy Pods Resources";
			outputPaths = (
			);
			runOnlyForDeploymentPostprocessing = 0;
			shellPath = /bin/sh;
			shellScript = "\"${SRCROOT}/Pods/Target Support Files/Pods-deKKoUITests/Pods-deKKoUITests-resources.sh\"\n";
			showEnvVarsInLog = 0;
		};
		81AE54EB011F70D2B3233036 /* [CP] Copy Pods Resources */ = {
			isa = PBXShellScriptBuildPhase;
			buildActionMask = 2147483647;
			files = (
			);
			inputPaths = (
			);
			name = "[CP] Copy Pods Resources";
			outputPaths = (
			);
			runOnlyForDeploymentPostprocessing = 0;
			shellPath = /bin/sh;
			shellScript = "\"${SRCROOT}/Pods/Target Support Files/Pods-deKKo/Pods-deKKo-resources.sh\"\n";
			showEnvVarsInLog = 0;
		};
		8312461BC6259275AEAD71ED /* [CP] Check Pods Manifest.lock */ = {
			isa = PBXShellScriptBuildPhase;
			buildActionMask = 2147483647;
			files = (
			);
			inputPaths = (
			);
			name = "[CP] Check Pods Manifest.lock";
			outputPaths = (
			);
			runOnlyForDeploymentPostprocessing = 0;
			shellPath = /bin/sh;
			shellScript = "diff \"${PODS_ROOT}/../Podfile.lock\" \"${PODS_ROOT}/Manifest.lock\" > /dev/null\nif [ $? != 0 ] ; then\n    # print error to STDERR\n    echo \"error: The sandbox is not in sync with the Podfile.lock. Run 'pod install' or update your CocoaPods installation.\" >&2\n    exit 1\nfi\n";
			showEnvVarsInLog = 0;
		};
		B1BBF07698C1AC5C147D86D6 /* [CP] Check Pods Manifest.lock */ = {
			isa = PBXShellScriptBuildPhase;
			buildActionMask = 2147483647;
			files = (
			);
			inputPaths = (
			);
			name = "[CP] Check Pods Manifest.lock";
			outputPaths = (
			);
			runOnlyForDeploymentPostprocessing = 0;
			shellPath = /bin/sh;
			shellScript = "diff \"${PODS_ROOT}/../Podfile.lock\" \"${PODS_ROOT}/Manifest.lock\" > /dev/null\nif [ $? != 0 ] ; then\n    # print error to STDERR\n    echo \"error: The sandbox is not in sync with the Podfile.lock. Run 'pod install' or update your CocoaPods installation.\" >&2\n    exit 1\nfi\n";
			showEnvVarsInLog = 0;
		};
		BB38395725D7AAEE3BFF23C3 /* [CP] Embed Pods Frameworks */ = {
			isa = PBXShellScriptBuildPhase;
			buildActionMask = 2147483647;
			files = (
			);
			inputPaths = (
			);
			name = "[CP] Embed Pods Frameworks";
			outputPaths = (
			);
			runOnlyForDeploymentPostprocessing = 0;
			shellPath = /bin/sh;
			shellScript = "\"${SRCROOT}/Pods/Target Support Files/Pods-deKKo/Pods-deKKo-frameworks.sh\"\n";
			showEnvVarsInLog = 0;
		};
		DB7D7EB60FA6C02F169C2F6B /* [CP] Embed Pods Frameworks */ = {
			isa = PBXShellScriptBuildPhase;
			buildActionMask = 2147483647;
			files = (
			);
			inputPaths = (
			);
			name = "[CP] Embed Pods Frameworks";
			outputPaths = (
			);
			runOnlyForDeploymentPostprocessing = 0;
			shellPath = /bin/sh;
			shellScript = "\"${SRCROOT}/Pods/Target Support Files/Pods-deKKoTests/Pods-deKKoTests-frameworks.sh\"\n";
			showEnvVarsInLog = 0;
		};
		E4544F604857234F014D7EA0 /* [CP] Check Pods Manifest.lock */ = {
			isa = PBXShellScriptBuildPhase;
			buildActionMask = 2147483647;
			files = (
			);
			inputPaths = (
			);
			name = "[CP] Check Pods Manifest.lock";
			outputPaths = (
			);
			runOnlyForDeploymentPostprocessing = 0;
			shellPath = /bin/sh;
			shellScript = "diff \"${PODS_ROOT}/../Podfile.lock\" \"${PODS_ROOT}/Manifest.lock\" > /dev/null\nif [ $? != 0 ] ; then\n    # print error to STDERR\n    echo \"error: The sandbox is not in sync with the Podfile.lock. Run 'pod install' or update your CocoaPods installation.\" >&2\n    exit 1\nfi\n";
			showEnvVarsInLog = 0;
		};
/* End PBXShellScriptBuildPhase section */

/* Begin PBXSourcesBuildPhase section */
		EB64874A1E81E08300BD4252 /* Sources */ = {
			isa = PBXSourcesBuildPhase;
			buildActionMask = 2147483647;
			files = (
				EBF52A2F1E81F748002438A2 /* LoginViewController.swift in Sources */,
				EB498EBA1E839EEB005E0836 /* CameraViewController.swift in Sources */,
				EBCB85591E9034730086B1CD /* CreateUserViewController.swift in Sources */,
				EB6487521E81E08300BD4252 /* AppDelegate.swift in Sources */,
				EBF52A301E81F748002438A2 /* PageViewController.swift in Sources */,
				8E49D23C1E8E023A00DB960B /* Utils.swift in Sources */,
			);
			runOnlyForDeploymentPostprocessing = 0;
		};
		EB64875E1E81E08300BD4252 /* Sources */ = {
			isa = PBXSourcesBuildPhase;
			buildActionMask = 2147483647;
			files = (
				EB6487671E81E08300BD4252 /* deKKoTests.swift in Sources */,
			);
			runOnlyForDeploymentPostprocessing = 0;
		};
		EB6487691E81E08300BD4252 /* Sources */ = {
			isa = PBXSourcesBuildPhase;
			buildActionMask = 2147483647;
			files = (
				EB6487721E81E08300BD4252 /* deKKoUITests.swift in Sources */,
			);
			runOnlyForDeploymentPostprocessing = 0;
		};
/* End PBXSourcesBuildPhase section */

/* Begin PBXTargetDependency section */
		EB6487641E81E08300BD4252 /* PBXTargetDependency */ = {
			isa = PBXTargetDependency;
			target = EB64874D1E81E08300BD4252 /* deKKo */;
			targetProxy = EB6487631E81E08300BD4252 /* PBXContainerItemProxy */;
		};
		EB64876F1E81E08300BD4252 /* PBXTargetDependency */ = {
			isa = PBXTargetDependency;
			target = EB64874D1E81E08300BD4252 /* deKKo */;
			targetProxy = EB64876E1E81E08300BD4252 /* PBXContainerItemProxy */;
		};
/* End PBXTargetDependency section */

/* Begin PBXVariantGroup section */
		EB6487551E81E08300BD4252 /* Main.storyboard */ = {
			isa = PBXVariantGroup;
			children = (
				EB6487561E81E08300BD4252 /* Base */,
			);
			name = Main.storyboard;
			sourceTree = "<group>";
		};
		EB64875A1E81E08300BD4252 /* LaunchScreen.storyboard */ = {
			isa = PBXVariantGroup;
			children = (
				EB64875B1E81E08300BD4252 /* Base */,
			);
			name = LaunchScreen.storyboard;
			sourceTree = "<group>";
		};
/* End PBXVariantGroup section */

/* Begin XCBuildConfiguration section */
		EB6487741E81E08300BD4252 /* Debug */ = {
			isa = XCBuildConfiguration;
			buildSettings = {
				ALWAYS_SEARCH_USER_PATHS = NO;
				CLANG_ANALYZER_NONNULL = YES;
				CLANG_CXX_LANGUAGE_STANDARD = "gnu++0x";
				CLANG_CXX_LIBRARY = "libc++";
				CLANG_ENABLE_MODULES = YES;
				CLANG_ENABLE_OBJC_ARC = YES;
				CLANG_WARN_BOOL_CONVERSION = YES;
				CLANG_WARN_CONSTANT_CONVERSION = YES;
				CLANG_WARN_DIRECT_OBJC_ISA_USAGE = YES_ERROR;
				CLANG_WARN_DOCUMENTATION_COMMENTS = YES;
				CLANG_WARN_EMPTY_BODY = YES;
				CLANG_WARN_ENUM_CONVERSION = YES;
				CLANG_WARN_INFINITE_RECURSION = YES;
				CLANG_WARN_INT_CONVERSION = YES;
				CLANG_WARN_OBJC_ROOT_CLASS = YES_ERROR;
				CLANG_WARN_SUSPICIOUS_MOVE = YES;
				CLANG_WARN_UNREACHABLE_CODE = YES;
				CLANG_WARN__DUPLICATE_METHOD_MATCH = YES;
				"CODE_SIGN_IDENTITY[sdk=iphoneos*]" = "iPhone Developer";
				COPY_PHASE_STRIP = NO;
				DEBUG_INFORMATION_FORMAT = dwarf;
				ENABLE_STRICT_OBJC_MSGSEND = YES;
				ENABLE_TESTABILITY = YES;
				GCC_C_LANGUAGE_STANDARD = gnu99;
				GCC_DYNAMIC_NO_PIC = NO;
				GCC_NO_COMMON_BLOCKS = YES;
				GCC_OPTIMIZATION_LEVEL = 0;
				GCC_PREPROCESSOR_DEFINITIONS = (
					"DEBUG=1",
					"$(inherited)",
				);
				GCC_WARN_64_TO_32_BIT_CONVERSION = YES;
				GCC_WARN_ABOUT_RETURN_TYPE = YES_ERROR;
				GCC_WARN_UNDECLARED_SELECTOR = YES;
				GCC_WARN_UNINITIALIZED_AUTOS = YES_AGGRESSIVE;
				GCC_WARN_UNUSED_FUNCTION = YES;
				GCC_WARN_UNUSED_VARIABLE = YES;
				IPHONEOS_DEPLOYMENT_TARGET = 10.2;
				MTL_ENABLE_DEBUG_INFO = YES;
				ONLY_ACTIVE_ARCH = YES;
				SDKROOT = iphoneos;
				SWIFT_ACTIVE_COMPILATION_CONDITIONS = DEBUG;
				SWIFT_OPTIMIZATION_LEVEL = "-Onone";
			};
			name = Debug;
		};
		EB6487751E81E08300BD4252 /* Release */ = {
			isa = XCBuildConfiguration;
			buildSettings = {
				ALWAYS_SEARCH_USER_PATHS = NO;
				CLANG_ANALYZER_NONNULL = YES;
				CLANG_CXX_LANGUAGE_STANDARD = "gnu++0x";
				CLANG_CXX_LIBRARY = "libc++";
				CLANG_ENABLE_MODULES = YES;
				CLANG_ENABLE_OBJC_ARC = YES;
				CLANG_WARN_BOOL_CONVERSION = YES;
				CLANG_WARN_CONSTANT_CONVERSION = YES;
				CLANG_WARN_DIRECT_OBJC_ISA_USAGE = YES_ERROR;
				CLANG_WARN_DOCUMENTATION_COMMENTS = YES;
				CLANG_WARN_EMPTY_BODY = YES;
				CLANG_WARN_ENUM_CONVERSION = YES;
				CLANG_WARN_INFINITE_RECURSION = YES;
				CLANG_WARN_INT_CONVERSION = YES;
				CLANG_WARN_OBJC_ROOT_CLASS = YES_ERROR;
				CLANG_WARN_SUSPICIOUS_MOVE = YES;
				CLANG_WARN_UNREACHABLE_CODE = YES;
				CLANG_WARN__DUPLICATE_METHOD_MATCH = YES;
				"CODE_SIGN_IDENTITY[sdk=iphoneos*]" = "iPhone Developer";
				COPY_PHASE_STRIP = NO;
				DEBUG_INFORMATION_FORMAT = "dwarf-with-dsym";
				ENABLE_NS_ASSERTIONS = NO;
				ENABLE_STRICT_OBJC_MSGSEND = YES;
				GCC_C_LANGUAGE_STANDARD = gnu99;
				GCC_NO_COMMON_BLOCKS = YES;
				GCC_WARN_64_TO_32_BIT_CONVERSION = YES;
				GCC_WARN_ABOUT_RETURN_TYPE = YES_ERROR;
				GCC_WARN_UNDECLARED_SELECTOR = YES;
				GCC_WARN_UNINITIALIZED_AUTOS = YES_AGGRESSIVE;
				GCC_WARN_UNUSED_FUNCTION = YES;
				GCC_WARN_UNUSED_VARIABLE = YES;
				IPHONEOS_DEPLOYMENT_TARGET = 10.2;
				MTL_ENABLE_DEBUG_INFO = NO;
				SDKROOT = iphoneos;
				SWIFT_OPTIMIZATION_LEVEL = "-Owholemodule";
				VALIDATE_PRODUCT = YES;
			};
			name = Release;
		};
		EB6487771E81E08300BD4252 /* Debug */ = {
			isa = XCBuildConfiguration;
			baseConfigurationReference = 0212C20352D0FAE7D2C3E566 /* Pods-deKKo.debug.xcconfig */;
			buildSettings = {
				ASSETCATALOG_COMPILER_APPICON_NAME = AppIcon;
				"CODE_SIGN_IDENTITY[sdk=iphoneos*]" = "iPhone Developer";
				DEVELOPMENT_TEAM = QANYNE4FM7;
				ENABLE_BITCODE = NO;
				INFOPLIST_FILE = deKKo/Info.plist;
				IPHONEOS_DEPLOYMENT_TARGET = 9.0;
				LD_RUNPATH_SEARCH_PATHS = "$(inherited) @executable_path/Frameworks";
				PRODUCT_BUNDLE_IDENTIFIER = com.peter.deKKo;
				PRODUCT_NAME = "$(TARGET_NAME)";
				PROVISIONING_PROFILE_SPECIFIER = "";
				SWIFT_VERSION = 3.0;
			};
			name = Debug;
		};
		EB6487781E81E08300BD4252 /* Release */ = {
			isa = XCBuildConfiguration;
			baseConfigurationReference = C23F5BD342AA411C51EC846A /* Pods-deKKo.release.xcconfig */;
			buildSettings = {
				ASSETCATALOG_COMPILER_APPICON_NAME = AppIcon;
				"CODE_SIGN_IDENTITY[sdk=iphoneos*]" = "iPhone Developer";
				DEVELOPMENT_TEAM = QANYNE4FM7;
				ENABLE_BITCODE = NO;
				INFOPLIST_FILE = deKKo/Info.plist;
				IPHONEOS_DEPLOYMENT_TARGET = 9.0;
				LD_RUNPATH_SEARCH_PATHS = "$(inherited) @executable_path/Frameworks";
				PRODUCT_BUNDLE_IDENTIFIER = com.peter.deKKo;
				PRODUCT_NAME = "$(TARGET_NAME)";
				PROVISIONING_PROFILE_SPECIFIER = "";
				SWIFT_VERSION = 3.0;
			};
			name = Release;
		};
		EB64877A1E81E08300BD4252 /* Debug */ = {
			isa = XCBuildConfiguration;
			baseConfigurationReference = E2B61EA3A5F638ACB5C556EE /* Pods-deKKoTests.debug.xcconfig */;
			buildSettings = {
				ALWAYS_EMBED_SWIFT_STANDARD_LIBRARIES = YES;
				BUNDLE_LOADER = "$(TEST_HOST)";
				INFOPLIST_FILE = deKKoTests/Info.plist;
				LD_RUNPATH_SEARCH_PATHS = "$(inherited) @executable_path/Frameworks @loader_path/Frameworks";
				PRODUCT_BUNDLE_IDENTIFIER = ArcCotagent.deKKoTests;
				PRODUCT_NAME = "$(TARGET_NAME)";
				SWIFT_VERSION = 3.0;
				TEST_HOST = "$(BUILT_PRODUCTS_DIR)/deKKo.app/deKKo";
			};
			name = Debug;
		};
		EB64877B1E81E08300BD4252 /* Release */ = {
			isa = XCBuildConfiguration;
			baseConfigurationReference = 083911E54CF8E5D19EC45EFF /* Pods-deKKoTests.release.xcconfig */;
			buildSettings = {
				ALWAYS_EMBED_SWIFT_STANDARD_LIBRARIES = YES;
				BUNDLE_LOADER = "$(TEST_HOST)";
				INFOPLIST_FILE = deKKoTests/Info.plist;
				LD_RUNPATH_SEARCH_PATHS = "$(inherited) @executable_path/Frameworks @loader_path/Frameworks";
				PRODUCT_BUNDLE_IDENTIFIER = ArcCotagent.deKKoTests;
				PRODUCT_NAME = "$(TARGET_NAME)";
				SWIFT_VERSION = 3.0;
				TEST_HOST = "$(BUILT_PRODUCTS_DIR)/deKKo.app/deKKo";
			};
			name = Release;
		};
		EB64877D1E81E08300BD4252 /* Debug */ = {
			isa = XCBuildConfiguration;
			baseConfigurationReference = 3215F165393B88ED2BA90A79 /* Pods-deKKoUITests.debug.xcconfig */;
			buildSettings = {
				ALWAYS_EMBED_SWIFT_STANDARD_LIBRARIES = YES;
				INFOPLIST_FILE = deKKoUITests/Info.plist;
				LD_RUNPATH_SEARCH_PATHS = "$(inherited) @executable_path/Frameworks @loader_path/Frameworks";
				PRODUCT_BUNDLE_IDENTIFIER = ArcCotagent.deKKoUITests;
				PRODUCT_NAME = "$(TARGET_NAME)";
				SWIFT_VERSION = 3.0;
				TEST_TARGET_NAME = deKKo;
			};
			name = Debug;
		};
		EB64877E1E81E08300BD4252 /* Release */ = {
			isa = XCBuildConfiguration;
			baseConfigurationReference = 3AF277B52F94C47D9B413366 /* Pods-deKKoUITests.release.xcconfig */;
			buildSettings = {
				ALWAYS_EMBED_SWIFT_STANDARD_LIBRARIES = YES;
				INFOPLIST_FILE = deKKoUITests/Info.plist;
				LD_RUNPATH_SEARCH_PATHS = "$(inherited) @executable_path/Frameworks @loader_path/Frameworks";
				PRODUCT_BUNDLE_IDENTIFIER = ArcCotagent.deKKoUITests;
				PRODUCT_NAME = "$(TARGET_NAME)";
				SWIFT_VERSION = 3.0;
				TEST_TARGET_NAME = deKKo;
			};
			name = Release;
		};
/* End XCBuildConfiguration section */

/* Begin XCConfigurationList section */
		EB6487491E81E08300BD4252 /* Build configuration list for PBXProject "deKKo" */ = {
			isa = XCConfigurationList;
			buildConfigurations = (
				EB6487741E81E08300BD4252 /* Debug */,
				EB6487751E81E08300BD4252 /* Release */,
			);
			defaultConfigurationIsVisible = 0;
			defaultConfigurationName = Release;
		};
		EB6487761E81E08300BD4252 /* Build configuration list for PBXNativeTarget "deKKo" */ = {
			isa = XCConfigurationList;
			buildConfigurations = (
				EB6487771E81E08300BD4252 /* Debug */,
				EB6487781E81E08300BD4252 /* Release */,
			);
			defaultConfigurationIsVisible = 0;
			defaultConfigurationName = Release;
		};
		EB6487791E81E08300BD4252 /* Build configuration list for PBXNativeTarget "deKKoTests" */ = {
			isa = XCConfigurationList;
			buildConfigurations = (
				EB64877A1E81E08300BD4252 /* Debug */,
				EB64877B1E81E08300BD4252 /* Release */,
			);
			defaultConfigurationIsVisible = 0;
			defaultConfigurationName = Release;
		};
		EB64877C1E81E08300BD4252 /* Build configuration list for PBXNativeTarget "deKKoUITests" */ = {
			isa = XCConfigurationList;
			buildConfigurations = (
				EB64877D1E81E08300BD4252 /* Debug */,
				EB64877E1E81E08300BD4252 /* Release */,
			);
			defaultConfigurationIsVisible = 0;
			defaultConfigurationName = Release;
		};
/* End XCConfigurationList section */
	};
	rootObject = EB6487461E81E08300BD4252 /* Project object */;
}
