// !$*UTF8*$!
{
	archiveVersion = 1;
	classes = {
	};
	objectVersion = 46;
	objects = {

/* Begin PBXBuildFile section */
		EB6487521E81E08300BD4252 /* AppDelegate.swift in Sources */ = {isa = PBXBuildFile; fileRef = EB6487511E81E08300BD4252 /* AppDelegate.swift */; };
		EB6487541E81E08300BD4252 /* ViewController.swift in Sources */ = {isa = PBXBuildFile; fileRef = EB6487531E81E08300BD4252 /* ViewController.swift */; };
		EB6487571E81E08300BD4252 /* Main.storyboard in Resources */ = {isa = PBXBuildFile; fileRef = EB6487551E81E08300BD4252 /* Main.storyboard */; };
		EB6487591E81E08300BD4252 /* Assets.xcassets in Resources */ = {isa = PBXBuildFile; fileRef = EB6487581E81E08300BD4252 /* Assets.xcassets */; };
		EB64875C1E81E08300BD4252 /* LaunchScreen.storyboard in Resources */ = {isa = PBXBuildFile; fileRef = EB64875A1E81E08300BD4252 /* LaunchScreen.storyboard */; };
		EB6487671E81E08300BD4252 /* deKKoTests.swift in Sources */ = {isa = PBXBuildFile; fileRef = EB6487661E81E08300BD4252 /* deKKoTests.swift */; };
		EB6487721E81E08300BD4252 /* deKKoUITests.swift in Sources */ = {isa = PBXBuildFile; fileRef = EB6487711E81E08300BD4252 /* deKKoUITests.swift */; };
/* End PBXBuildFile section */

/* Begin PBXContainerItemProxy section */
		EB6487631E81E08300BD4252 /* PBXContainerItemProxy */ = {
			isa = PBXContainerItemProxy;
			containerPortal = EB6487461E81E08300BD4252 /* Project object */;
			proxyType = 1;
			remoteGlobalIDString = EB64874D1E81E08300BD4252;
			remoteInfo = deKKo;
		};
		EB64876E1E81E08300BD4252 /* PBXContainerItemProxy */ = {
			isa = PBXContainerItemProxy;
			containerPortal = EB6487461E81E08300BD4252 /* Project object */;
			proxyType = 1;
			remoteGlobalIDString = EB64874D1E81E08300BD4252;
			remoteInfo = deKKo;
		};
/* End PBXContainerItemProxy section */

/* Begin PBXFileReference section */
		EB64874E1E81E08300BD4252 /* deKKo.app */ = {isa = PBXFileReference; explicitFileType = wrapper.application; includeInIndex = 0; path = deKKo.app; sourceTree = BUILT_PRODUCTS_DIR; };
		EB6487511E81E08300BD4252 /* AppDelegate.swift */ = {isa = PBXFileReference; lastKnownFileType = sourcecode.swift; path = AppDelegate.swift; sourceTree = "<group>"; };
		EB6487531E81E08300BD4252 /* ViewController.swift */ = {isa = PBXFileReference; lastKnownFileType = sourcecode.swift; path = ViewController.swift; sourceTree = "<group>"; };
		EB6487561E81E08300BD4252 /* Base */ = {isa = PBXFileReference; lastKnownFileType = file.storyboard; name = Base; path = Base.lproj/Main.storyboard; sourceTree = "<group>"; };
		EB6487581E81E08300BD4252 /* Assets.xcassets */ = {isa = PBXFileReference; lastKnownFileType = folder.assetcatalog; path = Assets.xcassets; sourceTree = "<group>"; };
		EB64875B1E81E08300BD4252 /* Base */ = {isa = PBXFileReference; lastKnownFileType = file.storyboard; name = Base; path = Base.lproj/LaunchScreen.storyboard; sourceTree = "<group>"; };
		EB64875D1E81E08300BD4252 /* Info.plist */ = {isa = PBXFileReference; lastKnownFileType = text.plist.xml; path = Info.plist; sourceTree = "<group>"; };
		EB6487621E81E08300BD4252 /* deKKoTests.xctest */ = {isa = PBXFileReference; explicitFileType = wrapper.cfbundle; includeInIndex = 0; path = deKKoTests.xctest; sourceTree = BUILT_PRODUCTS_DIR; };
		EB6487661E81E08300BD4252 /* deKKoTests.swift */ = {isa = PBXFileReference; lastKnownFileType = sourcecode.swift; path = deKKoTests.swift; sourceTree = "<group>"; };
		EB6487681E81E08300BD4252 /* Info.plist */ = {isa = PBXFileReference; lastKnownFileType = text.plist.xml; path = Info.plist; sourceTree = "<group>"; };
		EB64876D1E81E08300BD4252 /* deKKoUITests.xctest */ = {isa = PBXFileReference; explicitFileType = wrapper.cfbundle; includeInIndex = 0; path = deKKoUITests.xctest; sourceTree = BUILT_PRODUCTS_DIR; };
		EB6487711E81E08300BD4252 /* deKKoUITests.swift */ = {isa = PBXFileReference; lastKnownFileType = sourcecode.swift; path = deKKoUITests.swift; sourceTree = "<group>"; };
		EB6487731E81E08300BD4252 /* Info.plist */ = {isa = PBXFileReference; lastKnownFileType = text.plist.xml; path = Info.plist; sourceTree = "<group>"; };
/* End PBXFileReference section */

/* Begin PBXFrameworksBuildPhase section */
		EB64874B1E81E08300BD4252 /* Frameworks */ = {
			isa = PBXFrameworksBuildPhase;
			buildActionMask = 2147483647;
			files = (
			);
			runOnlyForDeploymentPostprocessing = 0;
		};
		EB64875F1E81E08300BD4252 /* Frameworks */ = {
			isa = PBXFrameworksBuildPhase;
			buildActionMask = 2147483647;
			files = (
			);
			runOnlyForDeploymentPostprocessing = 0;
		};
		EB64876A1E81E08300BD4252 /* Frameworks */ = {
			isa = PBXFrameworksBuildPhase;
			buildActionMask = 2147483647;
			files = (
			);
			runOnlyForDeploymentPostprocessing = 0;
		};
/* End PBXFrameworksBuildPhase section */

/* Begin PBXGroup section */
		EB6487451E81E08300BD4252 = {
			isa = PBXGroup;
			children = (
				EB6487501E81E08300BD4252 /* deKKo */,
				EB6487651E81E08300BD4252 /* deKKoTests */,
				EB6487701E81E08300BD4252 /* deKKoUITests */,
				EB64874F1E81E08300BD4252 /* Products */,
			);
			sourceTree = "<group>";
		};
		EB64874F1E81E08300BD4252 /* Products */ = {
			isa = PBXGroup;
			children = (
				EB64874E1E81E08300BD4252 /* deKKo.app */,
				EB6487621E81E08300BD4252 /* deKKoTests.xctest */,
				EB64876D1E81E08300BD4252 /* deKKoUITests.xctest */,
			);
			name = Products;
			sourceTree = "<group>";
		};
		EB6487501E81E08300BD4252 /* deKKo */ = {
			isa = PBXGroup;
			children = (
				EB6487511E81E08300BD4252 /* AppDelegate.swift */,
				EB6487531E81E08300BD4252 /* ViewController.swift */,
				EB6487551E81E08300BD4252 /* Main.storyboard */,
				EB6487581E81E08300BD4252 /* Assets.xcassets */,
				EB64875A1E81E08300BD4252 /* LaunchScreen.storyboard */,
				EB64875D1E81E08300BD4252 /* Info.plist */,
			);
			path = deKKo;
			sourceTree = "<group>";
		};
		EB6487651E81E08300BD4252 /* deKKoTests */ = {
			isa = PBXGroup;
			children = (
				EB6487661E81E08300BD4252 /* deKKoTests.swift */,
				EB6487681E81E08300BD4252 /* Info.plist */,
			);
			path = deKKoTests;
			sourceTree = "<group>";
		};
		EB6487701E81E08300BD4252 /* deKKoUITests */ = {
			isa = PBXGroup;
			children = (
				EB6487711E81E08300BD4252 /* deKKoUITests.swift */,
				EB6487731E81E08300BD4252 /* Info.plist */,
			);
			path = deKKoUITests;
			sourceTree = "<group>";
		};
/* End PBXGroup section */

/* Begin PBXNativeTarget section */
		EB64874D1E81E08300BD4252 /* deKKo */ = {
			isa = PBXNativeTarget;
			buildConfigurationList = EB6487761E81E08300BD4252 /* Build configuration list for PBXNativeTarget "deKKo" */;
			buildPhases = (
				EB64874A1E81E08300BD4252 /* Sources */,
				EB64874B1E81E08300BD4252 /* Frameworks */,
				EB64874C1E81E08300BD4252 /* Resources */,
			);
			buildRules = (
			);
			dependencies = (
			);
			name = deKKo;
			productName = deKKo;
			productReference = EB64874E1E81E08300BD4252 /* deKKo.app */;
			productType = "com.apple.product-type.application";
		};
		EB6487611E81E08300BD4252 /* deKKoTests */ = {
			isa = PBXNativeTarget;
			buildConfigurationList = EB6487791E81E08300BD4252 /* Build configuration list for PBXNativeTarget "deKKoTests" */;
			buildPhases = (
				EB64875E1E81E08300BD4252 /* Sources */,
				EB64875F1E81E08300BD4252 /* Frameworks */,
				EB6487601E81E08300BD4252 /* Resources */,
			);
			buildRules = (
			);
			dependencies = (
				EB6487641E81E08300BD4252 /* PBXTargetDependency */,
			);
			name = deKKoTests;
			productName = deKKoTests;
			productReference = EB6487621E81E08300BD4252 /* deKKoTests.xctest */;
			productType = "com.apple.product-type.bundle.unit-test";
		};
		EB64876C1E81E08300BD4252 /* deKKoUITests */ = {
			isa = PBXNativeTarget;
			buildConfigurationList = EB64877C1E81E08300BD4252 /* Build configuration list for PBXNativeTarget "deKKoUITests" */;
			buildPhases = (
				EB6487691E81E08300BD4252 /* Sources */,
				EB64876A1E81E08300BD4252 /* Frameworks */,
				EB64876B1E81E08300BD4252 /* Resources */,
			);
			buildRules = (
			);
			dependencies = (
				EB64876F1E81E08300BD4252 /* PBXTargetDependency */,
			);
			name = deKKoUITests;
			productName = deKKoUITests;
			productReference = EB64876D1E81E08300BD4252 /* deKKoUITests.xctest */;
			productType = "com.apple.product-type.bundle.ui-testing";
		};
/* End PBXNativeTarget section */

/* Begin PBXProject section */
		EB6487461E81E08300BD4252 /* Project object */ = {
			isa = PBXProject;
			attributes = {
				LastSwiftUpdateCheck = 0820;
				LastUpgradeCheck = 0820;
				ORGANIZATIONNAME = ArcCotagent;
				TargetAttributes = {
					EB64874D1E81E08300BD4252 = {
						CreatedOnToolsVersion = 8.2.1;
						ProvisioningStyle = Automatic;
					};
					EB6487611E81E08300BD4252 = {
						CreatedOnToolsVersion = 8.2.1;
						ProvisioningStyle = Automatic;
						TestTargetID = EB64874D1E81E08300BD4252;
					};
					EB64876C1E81E08300BD4252 = {
						CreatedOnToolsVersion = 8.2.1;
						ProvisioningStyle = Automatic;
						TestTargetID = EB64874D1E81E08300BD4252;
					};
				};
			};
			buildConfigurationList = EB6487491E81E08300BD4252 /* Build configuration list for PBXProject "deKKo" */;
			compatibilityVersion = "Xcode 3.2";
			developmentRegion = English;
			hasScannedForEncodings = 0;
			knownRegions = (
				en,
				Base,
			);
			mainGroup = EB6487451E81E08300BD4252;
			productRefGroup = EB64874F1E81E08300BD4252 /* Products */;
			projectDirPath = "";
			projectRoot = "";
			targets = (
				EB64874D1E81E08300BD4252 /* deKKo */,
				EB6487611E81E08300BD4252 /* deKKoTests */,
				EB64876C1E81E08300BD4252 /* deKKoUITests */,
			);
		};
/* End PBXProject section */

/* Begin PBXResourcesBuildPhase section */
		EB64874C1E81E08300BD4252 /* Resources */ = {
			isa = PBXResourcesBuildPhase;
			buildActionMask = 2147483647;
			files = (
				EB64875C1E81E08300BD4252 /* LaunchScreen.storyboard in Resources */,
				EB6487591E81E08300BD4252 /* Assets.xcassets in Resources */,
				EB6487571E81E08300BD4252 /* Main.storyboard in Resources */,
			);
			runOnlyForDeploymentPostprocessing = 0;
		};
		EB6487601E81E08300BD4252 /* Resources */ = {
			isa = PBXResourcesBuildPhase;
			buildActionMask = 2147483647;
			files = (
			);
			runOnlyForDeploymentPostprocessing = 0;
		};
		EB64876B1E81E08300BD4252 /* Resources */ = {
			isa = PBXResourcesBuildPhase;
			buildActionMask = 2147483647;
			files = (
			);
			runOnlyForDeploymentPostprocessing = 0;
		};
/* End PBXResourcesBuildPhase section */

/* Begin PBXSourcesBuildPhase section */
		EB64874A1E81E08300BD4252 /* Sources */ = {
			isa = PBXSourcesBuildPhase;
			buildActionMask = 2147483647;
			files = (
				EB6487541E81E08300BD4252 /* ViewController.swift in Sources */,
				EB6487521E81E08300BD4252 /* AppDelegate.swift in Sources */,
			);
			runOnlyForDeploymentPostprocessing = 0;
		};
		EB64875E1E81E08300BD4252 /* Sources */ = {
			isa = PBXSourcesBuildPhase;
			buildActionMask = 2147483647;
			files = (
				EB6487671E81E08300BD4252 /* deKKoTests.swift in Sources */,
			);
			runOnlyForDeploymentPostprocessing = 0;
		};
		EB6487691E81E08300BD4252 /* Sources */ = {
			isa = PBXSourcesBuildPhase;
			buildActionMask = 2147483647;
			files = (
				EB6487721E81E08300BD4252 /* deKKoUITests.swift in Sources */,
			);
			runOnlyForDeploymentPostprocessing = 0;
		};
/* End PBXSourcesBuildPhase section */

/* Begin PBXTargetDependency section */
		EB6487641E81E08300BD4252 /* PBXTargetDependency */ = {
			isa = PBXTargetDependency;
			target = EB64874D1E81E08300BD4252 /* deKKo */;
			targetProxy = EB6487631E81E08300BD4252 /* PBXContainerItemProxy */;
		};
		EB64876F1E81E08300BD4252 /* PBXTargetDependency */ = {
			isa = PBXTargetDependency;
			target = EB64874D1E81E08300BD4252 /* deKKo */;
			targetProxy = EB64876E1E81E08300BD4252 /* PBXContainerItemProxy */;
		};
/* End PBXTargetDependency section */

/* Begin PBXVariantGroup section */
		EB6487551E81E08300BD4252 /* Main.storyboard */ = {
			isa = PBXVariantGroup;
			children = (
				EB6487561E81E08300BD4252 /* Base */,
			);
			name = Main.storyboard;
			sourceTree = "<group>";
		};
		EB64875A1E81E08300BD4252 /* LaunchScreen.storyboard */ = {
			isa = PBXVariantGroup;
			children = (
				EB64875B1E81E08300BD4252 /* Base */,
			);
			name = LaunchScreen.storyboard;
			sourceTree = "<group>";
		};
/* End PBXVariantGroup section */

/* Begin XCBuildConfiguration section */
		EB6487741E81E08300BD4252 /* Debug */ = {
			isa = XCBuildConfiguration;
			buildSettings = {
				ALWAYS_SEARCH_USER_PATHS = NO;
				CLANG_ANALYZER_NONNULL = YES;
				CLANG_CXX_LANGUAGE_STANDARD = "gnu++0x";
				CLANG_CXX_LIBRARY = "libc++";
				CLANG_ENABLE_MODULES = YES;
				CLANG_ENABLE_OBJC_ARC = YES;
				CLANG_WARN_BOOL_CONVERSION = YES;
				CLANG_WARN_CONSTANT_CONVERSION = YES;
				CLANG_WARN_DIRECT_OBJC_ISA_USAGE = YES_ERROR;
				CLANG_WARN_DOCUMENTATION_COMMENTS = YES;
				CLANG_WARN_EMPTY_BODY = YES;
				CLANG_WARN_ENUM_CONVERSION = YES;
				CLANG_WARN_INFINITE_RECURSION = YES;
				CLANG_WARN_INT_CONVERSION = YES;
				CLANG_WARN_OBJC_ROOT_CLASS = YES_ERROR;
				CLANG_WARN_SUSPICIOUS_MOVE = YES;
				CLANG_WARN_UNREACHABLE_CODE = YES;
				CLANG_WARN__DUPLICATE_METHOD_MATCH = YES;
				"CODE_SIGN_IDENTITY[sdk=iphoneos*]" = "iPhone Developer";
				COPY_PHASE_STRIP = NO;
				DEBUG_INFORMATION_FORMAT = dwarf;
				ENABLE_STRICT_OBJC_MSGSEND = YES;
				ENABLE_TESTABILITY = YES;
				GCC_C_LANGUAGE_STANDARD = gnu99;
				GCC_DYNAMIC_NO_PIC = NO;
				GCC_NO_COMMON_BLOCKS = YES;
				GCC_OPTIMIZATION_LEVEL = 0;
				GCC_PREPROCESSOR_DEFINITIONS = (
					"DEBUG=1",
					"$(inherited)",
				);
				GCC_WARN_64_TO_32_BIT_CONVERSION = YES;
				GCC_WARN_ABOUT_RETURN_TYPE = YES_ERROR;
				GCC_WARN_UNDECLARED_SELECTOR = YES;
				GCC_WARN_UNINITIALIZED_AUTOS = YES_AGGRESSIVE;
				GCC_WARN_UNUSED_FUNCTION = YES;
				GCC_WARN_UNUSED_VARIABLE = YES;
				IPHONEOS_DEPLOYMENT_TARGET = 10.2;
				MTL_ENABLE_DEBUG_INFO = YES;
				ONLY_ACTIVE_ARCH = YES;
				SDKROOT = iphoneos;
				SWIFT_ACTIVE_COMPILATION_CONDITIONS = DEBUG;
				SWIFT_OPTIMIZATION_LEVEL = "-Onone";
			};
			name = Debug;
		};
		EB6487751E81E08300BD4252 /* Release */ = {
			isa = XCBuildConfiguration;
			buildSettings = {
				ALWAYS_SEARCH_USER_PATHS = NO;
				CLANG_ANALYZER_NONNULL = YES;
				CLANG_CXX_LANGUAGE_STANDARD = "gnu++0x";
				CLANG_CXX_LIBRARY = "libc++";
				CLANG_ENABLE_MODULES = YES;
				CLANG_ENABLE_OBJC_ARC = YES;
				CLANG_WARN_BOOL_CONVERSION = YES;
				CLANG_WARN_CONSTANT_CONVERSION = YES;
				CLANG_WARN_DIRECT_OBJC_ISA_USAGE = YES_ERROR;
				CLANG_WARN_DOCUMENTATION_COMMENTS = YES;
				CLANG_WARN_EMPTY_BODY = YES;
				CLANG_WARN_ENUM_CONVERSION = YES;
				CLANG_WARN_INFINITE_RECURSION = YES;
				CLANG_WARN_INT_CONVERSION = YES;
				CLANG_WARN_OBJC_ROOT_CLASS = YES_ERROR;
				CLANG_WARN_SUSPICIOUS_MOVE = YES;
				CLANG_WARN_UNREACHABLE_CODE = YES;
				CLANG_WARN__DUPLICATE_METHOD_MATCH = YES;
				"CODE_SIGN_IDENTITY[sdk=iphoneos*]" = "iPhone Developer";
				COPY_PHASE_STRIP = NO;
				DEBUG_INFORMATION_FORMAT = "dwarf-with-dsym";
				ENABLE_NS_ASSERTIONS = NO;
				ENABLE_STRICT_OBJC_MSGSEND = YES;
				GCC_C_LANGUAGE_STANDARD = gnu99;
				GCC_NO_COMMON_BLOCKS = YES;
				GCC_WARN_64_TO_32_BIT_CONVERSION = YES;
				GCC_WARN_ABOUT_RETURN_TYPE = YES_ERROR;
				GCC_WARN_UNDECLARED_SELECTOR = YES;
				GCC_WARN_UNINITIALIZED_AUTOS = YES_AGGRESSIVE;
				GCC_WARN_UNUSED_FUNCTION = YES;
				GCC_WARN_UNUSED_VARIABLE = YES;
				IPHONEOS_DEPLOYMENT_TARGET = 10.2;
				MTL_ENABLE_DEBUG_INFO = NO;
				SDKROOT = iphoneos;
				SWIFT_OPTIMIZATION_LEVEL = "-Owholemodule";
				VALIDATE_PRODUCT = YES;
			};
			name = Release;
		};
		EB6487771E81E08300BD4252 /* Debug */ = {
			isa = XCBuildConfiguration;
			buildSettings = {
				ASSETCATALOG_COMPILER_APPICON_NAME = AppIcon;
				INFOPLIST_FILE = deKKo/Info.plist;
				LD_RUNPATH_SEARCH_PATHS = "$(inherited) @executable_path/Frameworks";
				PRODUCT_BUNDLE_IDENTIFIER = ArcCotagent.deKKo;
				PRODUCT_NAME = "$(TARGET_NAME)";
				SWIFT_VERSION = 3.0;
			};
			name = Debug;
		};
		EB6487781E81E08300BD4252 /* Release */ = {
			isa = XCBuildConfiguration;
			buildSettings = {
				ASSETCATALOG_COMPILER_APPICON_NAME = AppIcon;
				INFOPLIST_FILE = deKKo/Info.plist;
				LD_RUNPATH_SEARCH_PATHS = "$(inherited) @executable_path/Frameworks";
				PRODUCT_BUNDLE_IDENTIFIER = ArcCotagent.deKKo;
				PRODUCT_NAME = "$(TARGET_NAME)";
				SWIFT_VERSION = 3.0;
			};
			name = Release;
		};
		EB64877A1E81E08300BD4252 /* Debug */ = {
			isa = XCBuildConfiguration;
			buildSettings = {
				ALWAYS_EMBED_SWIFT_STANDARD_LIBRARIES = YES;
				BUNDLE_LOADER = "$(TEST_HOST)";
				INFOPLIST_FILE = deKKoTests/Info.plist;
				LD_RUNPATH_SEARCH_PATHS = "$(inherited) @executable_path/Frameworks @loader_path/Frameworks";
				PRODUCT_BUNDLE_IDENTIFIER = ArcCotagent.deKKoTests;
				PRODUCT_NAME = "$(TARGET_NAME)";
				SWIFT_VERSION = 3.0;
				TEST_HOST = "$(BUILT_PRODUCTS_DIR)/deKKo.app/deKKo";
			};
			name = Debug;
		};
		EB64877B1E81E08300BD4252 /* Release */ = {
			isa = XCBuildConfiguration;
			buildSettings = {
				ALWAYS_EMBED_SWIFT_STANDARD_LIBRARIES = YES;
				BUNDLE_LOADER = "$(TEST_HOST)";
				INFOPLIST_FILE = deKKoTests/Info.plist;
				LD_RUNPATH_SEARCH_PATHS = "$(inherited) @executable_path/Frameworks @loader_path/Frameworks";
				PRODUCT_BUNDLE_IDENTIFIER = ArcCotagent.deKKoTests;
				PRODUCT_NAME = "$(TARGET_NAME)";
				SWIFT_VERSION = 3.0;
				TEST_HOST = "$(BUILT_PRODUCTS_DIR)/deKKo.app/deKKo";
			};
			name = Release;
		};
		EB64877D1E81E08300BD4252 /* Debug */ = {
			isa = XCBuildConfiguration;
			buildSettings = {
				ALWAYS_EMBED_SWIFT_STANDARD_LIBRARIES = YES;
				INFOPLIST_FILE = deKKoUITests/Info.plist;
				LD_RUNPATH_SEARCH_PATHS = "$(inherited) @executable_path/Frameworks @loader_path/Frameworks";
				PRODUCT_BUNDLE_IDENTIFIER = ArcCotagent.deKKoUITests;
				PRODUCT_NAME = "$(TARGET_NAME)";
				SWIFT_VERSION = 3.0;
				TEST_TARGET_NAME = deKKo;
			};
			name = Debug;
		};
		EB64877E1E81E08300BD4252 /* Release */ = {
			isa = XCBuildConfiguration;
			buildSettings = {
				ALWAYS_EMBED_SWIFT_STANDARD_LIBRARIES = YES;
				INFOPLIST_FILE = deKKoUITests/Info.plist;
				LD_RUNPATH_SEARCH_PATHS = "$(inherited) @executable_path/Frameworks @loader_path/Frameworks";
				PRODUCT_BUNDLE_IDENTIFIER = ArcCotagent.deKKoUITests;
				PRODUCT_NAME = "$(TARGET_NAME)";
				SWIFT_VERSION = 3.0;
				TEST_TARGET_NAME = deKKo;
			};
			name = Release;
		};
/* End XCBuildConfiguration section */

/* Begin XCConfigurationList section */
		EB6487491E81E08300BD4252 /* Build configuration list for PBXProject "deKKo" */ = {
			isa = XCConfigurationList;
			buildConfigurations = (
				EB6487741E81E08300BD4252 /* Debug */,
				EB6487751E81E08300BD4252 /* Release */,
			);
			defaultConfigurationIsVisible = 0;
			defaultConfigurationName = Release;
		};
		EB6487761E81E08300BD4252 /* Build configuration list for PBXNativeTarget "deKKo" */ = {
			isa = XCConfigurationList;
			buildConfigurations = (
				EB6487771E81E08300BD4252 /* Debug */,
				EB6487781E81E08300BD4252 /* Release */,
			);
			defaultConfigurationIsVisible = 0;
		};
		EB6487791E81E08300BD4252 /* Build configuration list for PBXNativeTarget "deKKoTests" */ = {
			isa = XCConfigurationList;
			buildConfigurations = (
				EB64877A1E81E08300BD4252 /* Debug */,
				EB64877B1E81E08300BD4252 /* Release */,
			);
			defaultConfigurationIsVisible = 0;
		};
		EB64877C1E81E08300BD4252 /* Build configuration list for PBXNativeTarget "deKKoUITests" */ = {
			isa = XCConfigurationList;
			buildConfigurations = (
				EB64877D1E81E08300BD4252 /* Debug */,
				EB64877E1E81E08300BD4252 /* Release */,
			);
			defaultConfigurationIsVisible = 0;
		};
/* End XCConfigurationList section */
	};
	rootObject = EB6487461E81E08300BD4252 /* Project object */;
}
